
Microsoft Visual Studio Solution File, Format Version 12.00
# Visual Studio 2012
Project("{FAE04EC0-301F-11D3-BF4B-00C04F79EFBC}") = "Polynomial", "Polynomial\Polynomial.csproj", "{8318A4DC-3C73-461D-8F03-98ED5AAF357A}"
EndProject
Project("{FAE04EC0-301F-11D3-BF4B-00C04F79EFBC}") = "PolynomialTree", "PolynomialTree\PolynomialTree.csproj", "{FCB8B304-AA3F-41C3-83DC-76C3C8DA45AD}"
	ProjectSection(ProjectDependencies) = postProject
		{8318A4DC-3C73-461D-8F03-98ED5AAF357A} = {8318A4DC-3C73-461D-8F03-98ED5AAF357A}
	EndProjectSection
EndProject
Project("{FAE04EC0-301F-11D3-BF4B-00C04F79EFBC}") = "CalculatorUI", "CalculatorUI\CalculatorUI.csproj", "{89C1D3F3-AA8E-4753-BB4F-3D4A2B169B15}"
	ProjectSection(ProjectDependencies) = postProject
		{FCB8B304-AA3F-41C3-83DC-76C3C8DA45AD} = {FCB8B304-AA3F-41C3-83DC-76C3C8DA45AD}
		{70254EA6-34F2-4CE2-94E2-8BD66903FFD4} = {70254EA6-34F2-4CE2-94E2-8BD66903FFD4}
		{8318A4DC-3C73-461D-8F03-98ED5AAF357A} = {8318A4DC-3C73-461D-8F03-98ED5AAF357A}
	EndProjectSection
EndProject
Project("{FAE04EC0-301F-11D3-BF4B-00C04F79EFBC}") = "PolynomialSolver", "PolynomialSolver\PolynomialSolver.csproj", "{70254EA6-34F2-4CE2-94E2-8BD66903FFD4}"
EndProject
Project("{FAE04EC0-301F-11D3-BF4B-00C04F79EFBC}") = "Tests", "Tests\Tests.csproj", "{5E707297-0694-49F1-AA4E-D240114DC681}"
EndProject
Project("{FAE04EC0-301F-11D3-BF4B-00C04F79EFBC}") = "Stress", "Stress\Stress.csproj", "{56B81693-9058-4275-92C4-3B60CD5F95D9}"
	ProjectSection(ProjectDependencies) = postProject
		{FCB8B304-AA3F-41C3-83DC-76C3C8DA45AD} = {FCB8B304-AA3F-41C3-83DC-76C3C8DA45AD}
		{8318A4DC-3C73-461D-8F03-98ED5AAF357A} = {8318A4DC-3C73-461D-8F03-98ED5AAF357A}
	EndProjectSection
EndProject
Project("{FAE04EC0-301F-11D3-BF4B-00C04F79EFBC}") = "Utils", "Utils\Utils.csproj", "{96B541E5-158C-49EB-8757-0866BAB64AC8}"
EndProject
Global
	GlobalSection(SolutionConfigurationPlatforms) = preSolution
		Debug|Any CPU = Debug|Any CPU
		Release|Any CPU = Release|Any CPU
	EndGlobalSection
	GlobalSection(ProjectConfigurationPlatforms) = postSolution
		{8318A4DC-3C73-461D-8F03-98ED5AAF357A}.Debug|Any CPU.ActiveCfg = Debug|Any CPU
		{8318A4DC-3C73-461D-8F03-98ED5AAF357A}.Debug|Any CPU.Build.0 = Debug|Any CPU
		{8318A4DC-3C73-461D-8F03-98ED5AAF357A}.Release|Any CPU.ActiveCfg = Release|Any CPU
		{8318A4DC-3C73-461D-8F03-98ED5AAF357A}.Release|Any CPU.Build.0 = Release|Any CPU
		{FCB8B304-AA3F-41C3-83DC-76C3C8DA45AD}.Debug|Any CPU.ActiveCfg = Debug|Any CPU
		{FCB8B304-AA3F-41C3-83DC-76C3C8DA45AD}.Debug|Any CPU.Build.0 = Debug|Any CPU
		{FCB8B304-AA3F-41C3-83DC-76C3C8DA45AD}.Release|Any CPU.ActiveCfg = Release|Any CPU
		{FCB8B304-AA3F-41C3-83DC-76C3C8DA45AD}.Release|Any CPU.Build.0 = Release|Any CPU
		{89C1D3F3-AA8E-4753-BB4F-3D4A2B169B15}.Debug|Any CPU.ActiveCfg = Debug|Any CPU
		{89C1D3F3-AA8E-4753-BB4F-3D4A2B169B15}.Debug|Any CPU.Build.0 = Debug|Any CPU
		{89C1D3F3-AA8E-4753-BB4F-3D4A2B169B15}.Release|Any CPU.ActiveCfg = Release|Any CPU
		{89C1D3F3-AA8E-4753-BB4F-3D4A2B169B15}.Release|Any CPU.Build.0 = Release|Any CPU
		{70254EA6-34F2-4CE2-94E2-8BD66903FFD4}.Debug|Any CPU.ActiveCfg = Debug|Any CPU
		{70254EA6-34F2-4CE2-94E2-8BD66903FFD4}.Debug|Any CPU.Build.0 = Debug|Any CPU
		{70254EA6-34F2-4CE2-94E2-8BD66903FFD4}.Release|Any CPU.ActiveCfg = Release|Any CPU
		{70254EA6-34F2-4CE2-94E2-8BD66903FFD4}.Release|Any CPU.Build.0 = Release|Any CPU
		{5E707297-0694-49F1-AA4E-D240114DC681}.Debug|Any CPU.ActiveCfg = Debug|Any CPU
		{5E707297-0694-49F1-AA4E-D240114DC681}.Debug|Any CPU.Build.0 = Debug|Any CPU
		{5E707297-0694-49F1-AA4E-D240114DC681}.Release|Any CPU.ActiveCfg = Release|Any CPU
		{5E707297-0694-49F1-AA4E-D240114DC681}.Release|Any CPU.Build.0 = Release|Any CPU
		{56B81693-9058-4275-92C4-3B60CD5F95D9}.Debug|Any CPU.ActiveCfg = Debug|Any CPU
		{56B81693-9058-4275-92C4-3B60CD5F95D9}.Debug|Any CPU.Build.0 = Debug|Any CPU
		{56B81693-9058-4275-92C4-3B60CD5F95D9}.Release|Any CPU.ActiveCfg = Release|Any CPU
		{56B81693-9058-4275-92C4-3B60CD5F95D9}.Release|Any CPU.Build.0 = Release|Any CPU
		{96B541E5-158C-49EB-8757-0866BAB64AC8}.Debug|Any CPU.ActiveCfg = Debug|Any CPU
		{96B541E5-158C-49EB-8757-0866BAB64AC8}.Debug|Any CPU.Build.0 = Debug|Any CPU
		{96B541E5-158C-49EB-8757-0866BAB64AC8}.Release|Any CPU.ActiveCfg = Release|Any CPU
		{96B541E5-158C-49EB-8757-0866BAB64AC8}.Release|Any CPU.Build.0 = Release|Any CPU
	EndGlobalSection
	GlobalSection(SolutionProperties) = preSolution
		HideSolutionNode = FALSE
	EndGlobalSection
EndGlobal
